
Microsoft Visual Studio Solution File, Format Version 12.00
# Visual Studio Version 16
VisualStudioVersion = 16.0.29613.14
MinimumVisualStudioVersion = 10.0.40219.1
Project("{FAE04EC0-301F-11D3-BF4B-00C04F79EFBC}") = "YINSH", "YINSH.csproj", "{CC7BD71C-0A0E-43A7-824A-9B03D06C951C}"
EndProject
Global
	GlobalSection(SolutionConfigurationPlatforms) = preSolution
		Debug|Any CPU = Debug|Any CPU
		Release|Any CPU = Release|Any CPU
	EndGlobalSection
	GlobalSection(ProjectConfigurationPlatforms) = postSolution
		{CC7BD71C-0A0E-43A7-824A-9B03D06C951C}.Debug|Any CPU.ActiveCfg = Debug|Any CPU
		{CC7BD71C-0A0E-43A7-824A-9B03D06C951C}.Debug|Any CPU.Build.0 = Debug|Any CPU
		{CC7BD71C-0A0E-43A7-824A-9B03D06C951C}.Release|Any CPU.ActiveCfg = Release|Any CPU
		{CC7BD71C-0A0E-43A7-824A-9B03D06C951C}.Release|Any CPU.Build.0 = Release|Any CPU
	EndGlobalSection
	GlobalSection(SolutionProperties) = preSolution
		HideSolutionNode = FALSE
	EndGlobalSection
	GlobalSection(ExtensibilityGlobals) = postSolution
		SolutionGuid = {94808A7D-09B1-4F01-AC00-C5A0A15C6423}
	EndGlobalSection
EndGlobal
